--- 
dependencies: 
  right_http_connection: 
    group: 
    - :default
    version: = 1.2.4
  faker: 
    group: 
    - :test
    version: = 0.3.1
  pg: 
    group: 
    - :production
    version: = 0.8.0
  rails: 
    group: 
    - :default
    version: = 2.3.5
  sqlite3-ruby: 
    group: 
    - :development
    version: = 1.2.5
    require: 
    - sqlite3
  machinist: 
    group: 
    - :test
    version: = 1.0.6
  heroku: 
    group: 
    - :deployment
    version: = 1.8.3
  mocha: 
    group: 
    - :test
    version: = 0.9.8
  paperclip: 
    group: 
    - :default
    version: = 2.3.0
  right_aws: 
    group: 
    - :default
    version: = 1.9.0
specs: 
- rake: 
    version: 0.8.7
- activesupport: 
    version: 2.3.5
- rack: 
    version: 1.0.1
- actionpack: 
    version: 2.3.5
- actionmailer: 
    version: 2.3.5
- activerecord: 
    version: 2.3.5
- activeresource: 
    version: 2.3.5
- configuration: 
    version: 1.1.0
- faker: 
    version: 0.3.1
- json_pure: 
    version: 1.2.3
- launchy: 
    version: 0.3.5
- mime-types: 
    version: "1.16"
- rest-client: 
    version: 1.3.1
- heroku: 
    version: 1.8.3
- machinist: 
    version: 1.0.6
- mocha: 
    version: 0.9.8
- paperclip: 
    version: 2.3.0
- pg: 
    version: 0.8.0
- rails: 
    version: 2.3.5
- right_http_connection: 
    version: 1.2.4
- right_aws: 
    version: 1.9.0
- sqlite3-ruby: 
    version: 1.2.5
hash: 69500694c2b5616cf45815b50fd4a8e6965c3732
sources: 
- Rubygems: 
    uri: http://rubygems.org
